
Microsoft Visual Studio Solution File, Format Version 12.00
# Visual Studio 15
VisualStudioVersion = 15.0.28307.1082
MinimumVisualStudioVersion = 10.0.40219.1
Project("{FAE04EC0-301F-11D3-BF4B-00C04F79EFBC}") = "Pr10_WF", "Pr10_WF\Pr10_WF.csproj", "{689C5546-75D3-4550-A635-6136DCE19929}"
EndProject
Global
	GlobalSection(SolutionConfigurationPlatforms) = preSolution
		Debug|Any CPU = Debug|Any CPU
		Release|Any CPU = Release|Any CPU
	EndGlobalSection
	GlobalSection(ProjectConfigurationPlatforms) = postSolution
		{689C5546-75D3-4550-A635-6136DCE19929}.Debug|Any CPU.ActiveCfg = Debug|Any CPU
		{689C5546-75D3-4550-A635-6136DCE19929}.Debug|Any CPU.Build.0 = Debug|Any CPU
		{689C5546-75D3-4550-A635-6136DCE19929}.Release|Any CPU.ActiveCfg = Release|Any CPU
		{689C5546-75D3-4550-A635-6136DCE19929}.Release|Any CPU.Build.0 = Release|Any CPU
	EndGlobalSection
	GlobalSection(SolutionProperties) = preSolution
		HideSolutionNode = FALSE
	EndGlobalSection
	GlobalSection(ExtensibilityGlobals) = postSolution
		SolutionGuid = {D1E0A843-1A69-491C-8E88-53628E5404AA}
	EndGlobalSection
EndGlobal
